{
  "version": 4,
  "terraform_version": "1.9.8",
  "serial": 3,
  "lineage": "f1c92a25-f3b7-1e50-2781-68beb9d54f03",
  "outputs": {},
  "resources": [
    {
      "mode": "managed",
      "type": "incus_instance",
      "name": "nixos",
      "provider": "provider[\"registry.terraform.io/lxc/incus\"]",
      "instances": [
        {
          "schema_version": 0,
          "attributes": {
            "config": {
              "boot.autostart": "true",
              "security.nesting": "true"
            },
            "description": "",
            "device": [],
            "ephemeral": false,
            "file": [],
            "image": "images:nixos/unstable",
            "ipv4_address": "10.188.31.203",
            "ipv6_address": "fd42:1926:d435:70e9:216:3eff:fe85:9671",
            "limits": {},
            "mac_address": "00:16:3e:85:96:71",
            "name": "nixos",
            "profiles": [
              "default"
            ],
            "project": null,
            "remote": null,
            "running": true,
            "source_instance": null,
            "status": "Running",
            "target": "",
            "type": "container",
            "wait_for_network": true
          },
          "sensitive_attributes": []
        }
      ]
    }
  ],
  "check_results": null
}
